# This file is automatically @generated by Poetry 2.4.1 and should not be changed by hand.

[[package]]
name = "colorama"
version = "0.4.6"
description = "Cross-platform colored terminal text."
optional = false
python-versions = "!=3.0.*,!=3.1.*,!=3.2.*,!=3.3.*,!=3.4.*,!=3.5.*,!=3.6.*,>=2.7"
groups = ["dev"]
markers = "sys_platform == \"win32\""
files = [
    {file = "colorama-0.4.6-py2.py3-none-any.whl", hash = "sha256:4f1d9991f5acc0ca119f9d443620b77f9d6b33703e51011c16baf57afb285fc6"},
    {file = "colorama-0.4.6.tar.gz", hash = "sha256:08695f5cb7ed6e0531a20572697297273c47b8cae5a63ffc6d6ed5c201be6e44"},
]

[[package]]
name = "coverage"
version = "7.10.6"
description = "Code coverage measurement for Python"
optional = false
python-versions = ">=3.9"
groups = ["dev"]
files = [
    {file = "coverage-7.10.6-cp310-cp310-macosx_10_9_x86_64.whl", hash = "sha256:70e7bfbd57126b5554aa482691145f798d7df77489a177a6bef80de78860a356"},
    {file = "coverage-7.10.6-cp310-cp310-macosx_11_0_arm64.whl", hash = "sha256:e41be6f0f19da64af13403e52f2dec38bbc2937af54df8ecef10850ff8d35301"},
    {file = "coverage-7.10.6-cp310-cp310-manylinux1_i686.manylinux_2_28_i686.manylinux_2_5_i686.whl", hash = "sha256:c61fc91ab80b23f5fddbee342d19662f3d3328173229caded831aa0bd7595460"},
    {file = "coverage-7.10.6-cp310-cp310-manylinux1_x86_64.manylinux_2_28_x86_64.manylinux_2_5_x86_64.whl", hash = "sha256:10356fdd33a7cc06e8051413140bbdc6f972137508a3572e3f59f805cd2832fd"},
    {file = "coverage-7.10.6-cp310-cp310-manylinux2014_aarch64.manylinux_2_17_aarch64.manylinux_2_28_aarch64.whl", hash = "sha256:80b1695cf7c5ebe7b44bf2521221b9bb8cdf69b1f24231149a7e3eb1ae5fa2fb"},
    {file = "coverage-7.10.6-cp310-cp310-musllinux_1_2_aarch64.whl", hash = "sha256:2e4c33e6378b9d52d3454bd08847a8651f4ed23ddbb4a0520227bd346382bbc6"},
    {file = "coverage-7.10.6-cp310-cp310-musllinux_1_2_i686.whl", hash = "sha256:c8a3ec16e34ef980a46f60dc6ad86ec60f763c3f2fa0db6d261e6e754f72e945"},
    {file = "coverage-7.10.6-cp310-cp310-musllinux_1_2_x86_64.whl", hash = "sha256:7d79dabc0a56f5af990cc6da9ad1e40766e82773c075f09cc571e2076fef882e"},
    {file = "coverage-7.10.6-cp310-cp310-win32.whl", hash = "sha256:86b9b59f2b16e981906e9d6383eb6446d5b46c278460ae2c36487667717eccf1"},
    {file = "coverage-7.10.6-cp310-cp310-win_amd64.whl", hash = "sha256:e132b9152749bd33534e5bd8565c7576f135f157b4029b975e15ee184325f528"},
    {file = "coverage-7.10.6-cp311-cp311-macosx_10_9_x86_64.whl", hash = "sha256:c706db3cabb7ceef779de68270150665e710b46d56372455cd741184f3868d8f"},
    {file = "coverage-7.10.6-cp311-cp311-macosx_11_0_arm64.whl", hash = "sha256:8e0c38dc289e0508ef68ec95834cb5d2e96fdbe792eaccaa1bccac3966bbadcc"},
    {file = "coverage-7.10.6-cp311-cp311-manylinux1_i686.manylinux_2_28_i686.manylinux_2_5_i686.whl", hash = "sha256:752a3005a1ded28f2f3a6e8787e24f28d6abe176ca64677bcd8d53d6fe2ec08a"},
    {file = "coverage-7.10.6-cp311-cp311-manylinux1_x86_64.manylinux_2_28_x86_64.manylinux_2_5_x86_64.whl", hash = "sha256:689920ecfd60f992cafca4f5477d55720466ad2c7fa29bb56ac8d44a1ac2b47a"},
    {file = "coverage-7.10.6-cp311-cp311-manylinux2014_aarch64.manylinux_2_17_aarch64.manylinux_2_28_aarch64.whl", hash = "sha256:ec98435796d2624d6905820a42f82149ee9fc4f2d45c2c5bc5a44481cc50db62"},
    {file = "coverage-7.10.6-cp311-cp311-musllinux_1_2_aarch64.whl", hash = "sha256:b37201ce4a458c7a758ecc4efa92fa8ed783c66e0fa3c42ae19fc454a0792153"},
    {file = "coverage-7.10.6-cp311-cp311-musllinux_1_2_i686.whl", hash = "sha256:2904271c80898663c810a6b067920a61dd8d38341244a3605bd31ab55250dad5"},
    {file = "coverage-7.10.6-cp311-cp311-musllinux_1_2_x86_64.whl", hash = "sha256:5aea98383463d6e1fa4e95416d8de66f2d0cb588774ee20ae1b28df826bcb619"},
    {file = "coverage-7.10.6-cp311-cp311-win32.whl", hash = "sha256:e3fb1fa01d3598002777dd259c0c2e6d9d5e10e7222976fc8e03992f972a2cba"},
    {file = "coverage-7.10.6-cp311-cp311-win_amd64.whl", hash = "sha256:f35ed9d945bece26553d5b4c8630453169672bea0050a564456eb88bdffd927e"},
    {file = "coverage-7.10.6-cp311-cp311-win_arm64.whl", hash = "sha256:99e1a305c7765631d74b98bf7dbf54eeea931f975e80f115437d23848ee8c27c"},
    {file = "coverage-7.10.6-cp312-cp312-macosx_10_13_x86_64.whl", hash = "sha256:5b2dd6059938063a2c9fee1af729d4f2af28fd1a545e9b7652861f0d752ebcea"},
    {file = "coverage-7.10.6-cp312-cp312-macosx_11_0_arm64.whl", hash = "sha256:388d80e56191bf846c485c14ae2bc8898aa3124d9d35903fef7d907780477634"},
    {file = "coverage-7.10.6-cp312-cp312-manylinux1_i686.manylinux_2_28_i686.manylinux_2_5_i686.whl", hash = "sha256:90cb5b1a4670662719591aa92d0095bb41714970c0b065b02a2610172dbf0af6"},
    {file = "coverage-7.10.6-cp312-cp312-manylinux1_x86_64.manylinux_2_28_x86_64.manylinux_2_5_x86_64.whl", hash = "sha256:961834e2f2b863a0e14260a9a273aff07ff7818ab6e66d2addf5628590c628f9"},
    {file = "coverage-7.10.6-cp312-cp312-manylinux2014_aarch64.manylinux_2_17_aarch64.manylinux_2_28_aarch64.whl", hash = "sha256:bf9a19f5012dab774628491659646335b1928cfc931bf8d97b0d5918dd58033c"},
    {file = "coverage-7.10.6-cp312-cp312-musllinux_1_2_aarch64.whl", hash = "sha256:99c4283e2a0e147b9c9cc6bc9c96124de9419d6044837e9799763a0e29a7321a"},
    {file = "coverage-7.10.6-cp312-cp312-musllinux_1_2_i686.whl", hash = "sha256:282b1b20f45df57cc508c1e033403f02283adfb67d4c9c35a90281d81e5c52c5"},
    {file = "coverage-7.10.6-cp312-cp312-musllinux_1_2_x86_64.whl", hash = "sha256:8cdbe264f11afd69841bd8c0d83ca10b5b32853263ee62e6ac6a0ab63895f972"},
    {file = "coverage-7.10.6-cp312-cp312-win32.whl", hash = "sha256:a517feaf3a0a3eca1ee985d8373135cfdedfbba3882a5eab4362bda7c7cf518d"},
    {file = "coverage-7.10.6-cp312-cp312-win_amd64.whl", hash = "sha256:856986eadf41f52b214176d894a7de05331117f6035a28ac0016c0f63d887629"},
    {file = "coverage-7.10.6-cp312-cp312-win_arm64.whl", hash = "sha256:acf36b8268785aad739443fa2780c16260ee3fa09d12b3a70f772ef100939d80"},
    {file = "coverage-7.10.6-cp313-cp313-macosx_10_13_x86_64.whl", hash = "sha256:ffea0575345e9ee0144dfe5701aa17f3ba546f8c3bb48db62ae101afb740e7d6"},
    {file = "coverage-7.10.6-cp313-cp313-macosx_11_0_arm64.whl", hash = "sha256:95d91d7317cde40a1c249d6b7382750b7e6d86fad9d8eaf4fa3f8f44cf171e80"},
    {file = "coverage-7.10.6-cp313-cp313-manylinux1_i686.manylinux_2_28_i686.manylinux_2_5_i686.whl", hash = "sha256:3e23dd5408fe71a356b41baa82892772a4cefcf758f2ca3383d2aa39e1b7a003"},
    {file = "coverage-7.10.6-cp313-cp313-manylinux1_x86_64.manylinux_2_28_x86_64.manylinux_2_5_x86_64.whl", hash = "sha256:0f3f56e4cb573755e96a16501a98bf211f100463d70275759e73f3cbc00d4f27"},
    {file = "coverage-7.10.6-cp313-cp313-manylinux2014_aarch64.manylinux_2_17_aarch64.manylinux_2_28_aarch64.whl", hash = "sha256:db4a1d897bbbe7339946ffa2fe60c10cc81c43fab8b062d3fcb84188688174a4"},
    {file = "coverage-7.10.6-cp313-cp313-musllinux_1_2_aarch64.whl", hash = "sha256:d8fd7879082953c156d5b13c74aa6cca37f6a6f4747b39538504c3f9c63d043d"},
    {file = "coverage-7.10.6-cp313-cp313-musllinux_1_2_i686.whl", hash = "sha256:28395ca3f71cd103b8c116333fa9db867f3a3e1ad6a084aa3725ae002b6583bc"},
    {file = "coverage-7.10.6-cp313-cp313-musllinux_1_2_x86_64.whl", hash = "sha256:61c950fc33d29c91b9e18540e1aed7d9f6787cc870a3e4032493bbbe641d12fc"},
    {file = "coverage-7.10.6-cp313-cp313-win32.whl", hash = "sha256:160c00a5e6b6bdf4e5984b0ef21fc860bc94416c41b7df4d63f536d17c38902e"},
    {file = "coverage-7.10.6-cp313-cp313-win_amd64.whl", hash = "sha256:628055297f3e2aa181464c3808402887643405573eb3d9de060d81531fa79d32"},
    {file = "coverage-7.10.6-cp313-cp313-win_arm64.whl", hash = "sha256:df4ec1f8540b0bcbe26ca7dd0f541847cc8a108b35596f9f91f59f0c060bfdd2"},
    {file = "coverage-7.10.6-cp313-cp313t-macosx_10_13_x86_64.whl", hash = "sha256:c9a8b7a34a4de3ed987f636f71881cd3b8339f61118b1aa311fbda12741bff0b"},
    {file = "coverage-7.10.6-cp313-cp313t-macosx_11_0_arm64.whl", hash = "sha256:8dd5af36092430c2b075cee966719898f2ae87b636cefb85a653f1d0ba5d5393"},
    {file = "coverage-7.10.6-cp313-cp313t-manylinux1_i686.manylinux_2_28_i686.manylinux_2_5_i686.whl", hash = "sha256:b0353b0f0850d49ada66fdd7d0c7cdb0f86b900bb9e367024fd14a60cecc1e27"},
    {file = "coverage-7.10.6-cp313-cp313t-manylinux1_x86_64.manylinux_2_28_x86_64.manylinux_2_5_x86_64.whl", hash = "sha256:d6b9ae13d5d3e8aeca9ca94198aa7b3ebbc5acfada557d724f2a1f03d2c0b0df"},
    {file = "coverage-7.10.6-cp313-cp313t-manylinux2014_aarch64.manylinux_2_17_aarch64.manylinux_2_28_aarch64.whl", hash = "sha256:675824a363cc05781b1527b39dc2587b8984965834a748177ee3c37b64ffeafb"},
    {file = "coverage-7.10.6-cp313-cp313t-musllinux_1_2_aarch64.whl", hash = "sha256:692d70ea725f471a547c305f0d0fc6a73480c62fb0da726370c088ab21aed282"},
    {file = "coverage-7.10.6-cp313-cp313t-musllinux_1_2_i686.whl", hash = "sha256:851430a9a361c7a8484a36126d1d0ff8d529d97385eacc8dfdc9bfc8c2d2cbe4"},
    {file = "coverage-7.10.6-cp313-cp313t-musllinux_1_2_x86_64.whl", hash = "sha256:d9369a23186d189b2fc95cc08b8160ba242057e887d766864f7adf3c46b2df21"},
    {file = "coverage-7.10.6-cp313-cp313t-win32.whl", hash = "sha256:92be86fcb125e9bda0da7806afd29a3fd33fdf58fba5d60318399adf40bf37d0"},
    {file = "coverage-7.10.6-cp313-cp313t-win_amd64.whl", hash = "sha256:6b3039e2ca459a70c79523d39347d83b73f2f06af5624905eba7ec34d64d80b5"},
    {file = "coverage-7.10.6-cp313-cp313t-win_arm64.whl", hash = "sha256:3fb99d0786fe17b228eab663d16bee2288e8724d26a199c29325aac4b0319b9b"},
    {file = "coverage-7.10.6-cp314-cp314-macosx_10_13_x86_64.whl", hash = "sha256:6008a021907be8c4c02f37cdc3ffb258493bdebfeaf9a839f9e71dfdc47b018e"},
    {file = "coverage-7.10.6-cp314-cp314-macosx_11_0_arm64.whl", hash = "sha256:5e75e37f23eb144e78940b40395b42f2321951206a4f50e23cfd6e8a198d3ceb"},
    {file = "coverage-7.10.6-cp314-cp314-manylinux1_i686.manylinux_2_28_i686.manylinux_2_5_i686.whl", hash = "sha256:0f7cb359a448e043c576f0da00aa8bfd796a01b06aa610ca453d4dde09cc1034"},
    {file = "coverage-7.10.6-cp314-cp314-manylinux1_x86_64.manylinux_2_28_x86_64.manylinux_2_5_x86_64.whl", hash = "sha256:c68018e4fc4e14b5668f1353b41ccf4bc83ba355f0e1b3836861c6f042d89ac1"},
    {file = "coverage-7.10.6-cp314-cp314-manylinux2014_aarch64.manylinux_2_17_aarch64.manylinux_2_28_aarch64.whl", hash = "sha256:cd4b2b0707fc55afa160cd5fc33b27ccbf75ca11d81f4ec9863d5793fc6df56a"},
    {file = "coverage-7.10.6-cp314-cp314-musllinux_1_2_aarch64.whl", hash = "sha256:4cec13817a651f8804a86e4f79d815b3b28472c910e099e4d5a0e8a3b6a1d4cb"},
    {file = "coverage-7.10.6-cp314-cp314-musllinux_1_2_i686.whl", hash = "sha256:f2a6a8e06bbda06f78739f40bfb56c45d14eb8249d0f0ea6d4b3d48e1f7c695d"},
    {file = "coverage-7.10.6-cp314-cp314-musllinux_1_2_x86_64.whl", hash = "sha256:081b98395ced0d9bcf60ada7661a0b75f36b78b9d7e39ea0790bb4ed8da14747"},
    {file = "coverage-7.10.6-cp314-cp314-win32.whl", hash = "sha256:6937347c5d7d069ee776b2bf4e1212f912a9f1f141a429c475e6089462fcecc5"},
    {file = "coverage-7.10.6-cp314-cp314-win_amd64.whl", hash = "sha256:adec1d980fa07e60b6ef865f9e5410ba760e4e1d26f60f7e5772c73b9a5b0713"},
    {file = "coverage-7.10.6-cp314-cp314-win_arm64.whl", hash = "sha256:a80f7aef9535442bdcf562e5a0d5a5538ce8abe6bb209cfbf170c462ac2c2a32"},
    {file = "coverage-7.10.6-cp314-cp314t-macosx_10_13_x86_64.whl", hash = "sha256:0de434f4fbbe5af4fa7989521c655c8c779afb61c53ab561b64dcee6149e4c65"},
    {file = "coverage-7.10.6-cp314-cp314t-macosx_11_0_arm64.whl", hash = "sha256:6e31b8155150c57e5ac43ccd289d079eb3f825187d7c66e755a055d2c85794c6"},
    {file = "coverage-7.10.6-cp314-cp314t-manylinux1_i686.manylinux_2_28_i686.manylinux_2_5_i686.whl", hash = "sha256:98cede73eb83c31e2118ae8d379c12e3e42736903a8afcca92a7218e1f2903b0"},
    {file = "coverage-7.10.6-cp314-cp314t-manylinux1_x86_64.manylinux_2_28_x86_64.manylinux_2_5_x86_64.whl", hash = "sha256:f863c08f4ff6b64fa8045b1e3da480f5374779ef187f07b82e0538c68cb4ff8e"},
    {file = "coverage-7.10.6-cp314-cp314t-manylinux2014_aarch64.manylinux_2_17_aarch64.manylinux_2_28_aarch64.whl", hash = "sha256:2b38261034fda87be356f2c3f42221fdb4171c3ce7658066ae449241485390d5"},
    {file = "coverage-7.10.6-cp314-cp314t-musllinux_1_2_aarch64.whl", hash = "sha256:0e93b1476b79eae849dc3872faeb0bf7948fd9ea34869590bc16a2a00b9c82a7"},
    {file = "coverage-7.10.6-cp314-cp314t-musllinux_1_2_i686.whl", hash = "sha256:ff8a991f70f4c0cf53088abf1e3886edcc87d53004c7bb94e78650b4d3dac3b5"},
    {file = "coverage-7.10.6-cp314-cp314t-musllinux_1_2_x86_64.whl", hash = "sha256:ac765b026c9f33044419cbba1da913cfb82cca1b60598ac1c7a5ed6aac4621a0"},
    {file = "coverage-7.10.6-cp314-cp314t-win32.whl", hash = "sha256:441c357d55f4936875636ef2cfb3bee36e466dcf50df9afbd398ce79dba1ebb7"},
    {file = "coverage-7.10.6-cp314-cp314t-win_amd64.whl", hash = "sha256:073711de3181b2e204e4870ac83a7c4853115b42e9cd4d145f2231e12d670930"},
    {file = "coverage-7.10.6-cp314-cp314t-win_arm64.whl", hash = "sha256:137921f2bac5559334ba66122b753db6dc5d1cf01eb7b64eb412bb0d064ef35b"},
    {file = "coverage-7.10.6-cp39-cp39-macosx_10_9_x86_64.whl", hash = "sha256:90558c35af64971d65fbd935c32010f9a2f52776103a259f1dee865fe8259352"},
    {file = "coverage-7.10.6-cp39-cp39-macosx_11_0_arm64.whl", hash = "sha256:8953746d371e5695405806c46d705a3cd170b9cc2b9f93953ad838f6c1e58612"},
    {file = "coverage-7.10.6-cp39-cp39-manylinux1_i686.manylinux_2_28_i686.manylinux_2_5_i686.whl", hash = "sha256:c83f6afb480eae0313114297d29d7c295670a41c11b274e6bca0c64540c1ce7b"},
    {file = "coverage-7.10.6-cp39-cp39-manylinux1_x86_64.manylinux_2_28_x86_64.manylinux_2_5_x86_64.whl", hash = "sha256:7eb68d356ba0cc158ca535ce1381dbf2037fa8cb5b1ae5ddfc302e7317d04144"},
    {file = "coverage-7.10.6-cp39-cp39-manylinux2014_aarch64.manylinux_2_17_aarch64.manylinux_2_28_aarch64.whl", hash = "sha256:5b15a87265e96307482746d86995f4bff282f14b027db75469c446da6127433b"},
    {file = "coverage-7.10.6-cp39-cp39-musllinux_1_2_aarch64.whl", hash = "sha256:fc53ba868875bfbb66ee447d64d6413c2db91fddcfca57025a0e7ab5b07d5862"},
    {file = "coverage-7.10.6-cp39-cp39-musllinux_1_2_i686.whl", hash = "sha256:efeda443000aa23f276f4df973cb82beca682fd800bb119d19e80504ffe53ec2"},
    {file = "coverage-7.10.6-cp39-cp39-musllinux_1_2_x86_64.whl", hash = "sha256:9702b59d582ff1e184945d8b501ffdd08d2cee38d93a2206aa5f1365ce0b8d78"},
    {file = "coverage-7.10.6-cp39-cp39-win32.whl", hash = "sha256:2195f8e16ba1a44651ca684db2ea2b2d4b5345da12f07d9c22a395202a05b23c"},
    {file = "coverage-7.10.6-cp39-cp39-win_amd64.whl", hash = "sha256:f32ff80e7ef6a5b5b606ea69a36e97b219cd9dc799bcf2963018a4d8f788cfbf"},
    {file = "coverage-7.10.6-py3-none-any.whl", hash = "sha256:92c4ecf6bf11b2e85fd4d8204814dc26e6a19f0c9d938c207c5cb0eadfcabbe3"},
    {file = "coverage-7.10.6.tar.gz", hash = "sha256:f644a3ae5933a552a29dbb9aa2f90c677a875f80ebea028e5a52a4f429044b90"},
]

[package.dependencies]
tomli = {version = "*", optional = true, markers = "python_full_version <= \"3.11.0a6\" and extra == \"toml\""}

[package.extras]
toml = ["tomli ; python_full_version <= \"3.11.0a6\""]

[[package]]
name = "exceptiongroup"
version = "1.2.2"
description = "Backport of PEP 654 (exception groups)"
optional = false
python-versions = ">=3.7"
groups = ["dev"]
markers = "python_version == \"3.10\""
files = [
    {file = "exceptiongroup-1.2.2-py3-none-any.whl", hash = "sha256:3111b9d131c238bec2f8f516e123e14ba243563fb135d3fe885990585aa7795b"},
    {file = "exceptiongroup-1.2.2.tar.gz", hash = "sha256:47c2edf7c6738fafb49fd34290706d1a1a2f4d1c6df275526b62cbb4aa5393cc"},
]

[package.extras]
test = ["pytest (>=6)"]

[[package]]
name = "iniconfig"
version = "2.0.0"
description = "brain-dead simple config-ini parsing"
optional = false
python-versions = ">=3.7"
groups = ["dev"]
files = [
    {file = "iniconfig-2.0.0-py3-none-any.whl", hash = "sha256:b6a85871a79d2e3b22d2d1b94ac2824226a63c6b741c88f7ae975f18b6778374"},
    {file = "iniconfig-2.0.0.tar.gz", hash = "sha256:2d91e135bf72d31a410b17c16da610a82cb55f6b0477d1a902134b24a455b8b3"},
]

[[package]]
name = "markdown-it-py"
version = "3.0.0"
description = "Python port of markdown-it. Markdown parsing, done right!"
optional = false
python-versions = ">=3.8"
groups = ["dev"]
files = [
    {file = "markdown-it-py-3.0.0.tar.gz", hash = "sha256:e3f60a94fa066dc52ec76661e37c851cb232d92f9886b15cb560aaada2df8feb"},
    {file = "markdown_it_py-3.0.0-py3-none-any.whl", hash = "sha256:355216845c60bd96232cd8d8c40e8f9765cc86f46880e43a8fd22dc1a1a8cab1"},
]

[package.dependencies]
mdurl = ">=0.1,<1.0"

[package.extras]
benchmarking = ["psutil", "pytest", "pytest-benchmark"]
code-style = ["pre-commit (>=3.0,<4.0)"]
compare = ["commonmark (>=0.9,<1.0)", "markdown (>=3.4,<4.0)", "mistletoe (>=1.0,<2.0)", "mistune (>=2.0,<3.0)", "panflute (>=2.3,<3.0)"]
linkify = ["linkify-it-py (>=1,<3)"]
plugins = ["mdit-py-plugins"]
profiling = ["gprof2dot"]
rtd = ["jupyter_sphinx", "mdit-py-plugins", "myst-parser", "pyyaml", "sphinx", "sphinx-copybutton", "sphinx-design", "sphinx_book_theme"]
testing = ["coverage", "pytest", "pytest-cov", "pytest-regressions"]

[[package]]
name = "mdurl"
version = "0.1.2"
description = "Markdown URL utilities"
optional = false
python-versions = ">=3.7"
groups = ["dev"]
files = [
    {file = "mdurl-0.1.2-py3-none-any.whl", hash = "sha256:84008a41e51615a49fc9966191ff91509e3c40b939176e643fd50a5c2196b8f8"},
    {file = "mdurl-0.1.2.tar.gz", hash = "sha256:bb413d29f5eea38f31dd4754dd7377d4465116fb207585f97bf925588687c1ba"},
]

[[package]]
name = "packaging"
version = "24.1"
description = "Core utilities for Python packages"
optional = false
python-versions = ">=3.8"
groups = ["dev"]
files = [
    {file = "packaging-24.1-py3-none-any.whl", hash = "sha256:5b8f2217dbdbd2f7f384c41c628544e6d52f2d0f53c6d0c3ea61aa5d1d7ff124"},
    {file = "packaging-24.1.tar.gz", hash = "sha256:026ed72c8ed3fcce5bf8950572258698927fd1dbda10a5e981cdf0ac37f4f002"},
]

[[package]]
name = "pluggy"
version = "1.5.0"
description = "plugin and hook calling mechanisms for python"
optional = false
python-versions = ">=3.8"
groups = ["dev"]
files = [
    {file = "pluggy-1.5.0-py3-none-any.whl", hash = "sha256:44e1ad92c8ca002de6377e165f3e0f1be63266ab4d554740532335b9d75ea669"},
    {file = "pluggy-1.5.0.tar.gz", hash = "sha256:2cffa88e94fdc978c4c574f15f9e59b7f4201d439195c3715ca9e2486f1d0cf1"},
]

[package.extras]
dev = ["pre-commit", "tox"]
testing = ["pytest", "pytest-benchmark"]

[[package]]
name = "propcache"
version = "0.5.2"
description = "Accelerated property cache"
optional = false
python-versions = ">=3.10"
groups = ["main"]
files = [
    {file = "propcache-0.5.2-cp310-cp310-macosx_10_9_universal2.whl", hash = "sha256:d5a81be28596d6559f6131ef33e10200de6e17643b3c74ce03f9eb103be6ae8b"},
    {file = "propcache-0.5.2-cp310-cp310-macosx_10_9_x86_64.whl", hash = "sha256:29cbaac5ea0212663e6845e04b5e188d5a6ae6dd919810ac835bf1d3b42c3f4c"},
    {file = "propcache-0.5.2-cp310-cp310-macosx_11_0_arm64.whl", hash = "sha256:6bf3be92233808fcd338eba0fb4d0b59ec5772af4f4ecfcec450d1bfc0f8b5eb"},
    {file = "propcache-0.5.2-cp310-cp310-manylinux2014_aarch64.manylinux_2_17_aarch64.manylinux_2_28_aarch64.whl", hash = "sha256:2f8ea531c794b9d6274acd4e8d2c2ebcac590a4361d27482edd3010b79f1325e"},
    {file = "propcache-0.5.2-cp310-cp310-manylinux2014_ppc64le.manylinux_2_17_ppc64le.manylinux_2_28_ppc64le.whl", hash = "sha256:decfca4c79dd53ebab484b00cc4b6717d8c369f86e74aa4ca395a64ac651495e"},
    {file = "propcache-0.5.2-cp310-cp310-manylinux2014_s390x.manylinux_2_17_s390x.manylinux_2_28_s390x.whl", hash = "sha256:4621064bbf28fa77ff64dd5d94367c04684c67d3a5bf1dff25f0cd0d98a38f3b"},
    {file = "propcache-0.5.2-cp310-cp310-manylinux2014_x86_64.manylinux_2_17_x86_64.manylinux_2_28_x86_64.whl", hash = "sha256:b96db7141a592cbc968daf1feea83a118e6ab378af4abbc72b248c895414c22d"},
    {file = "propcache-0.5.2-cp310-cp310-manylinux_2_31_riscv64.manylinux_2_39_riscv64.whl", hash = "sha256:1ca071adabaab6e9219924bbe00af821f1ee7de113a9eca1cdc292de3d120f4d"},
    {file = "propcache-0.5.2-cp310-cp310-musllinux_1_2_aarch64.whl", hash = "sha256:e4294d04a94dcab1b3bccd8b66d962dcad411a1d19414b2a41d1445f1de32ad0"},
    {file = "propcache-0.5.2-cp310-cp310-musllinux_1_2_armv7l.whl", hash = "sha256:a0e399a2eccb91ed18721f86aa85757727400b6865c89e88934781deb9c8498b"},
    {file = "propcache-0.5.2-cp310-cp310-musllinux_1_2_ppc64le.whl", hash = "sha256:823581fd5cb08b12a48bfa11fe962a7916766b6170c17b028fbdf762b85eb9bf"},
    {file = "propcache-0.5.2-cp310-cp310-musllinux_1_2_riscv64.whl", hash = "sha256:949c91d1a990cf3b2e8188dfcfb25005e0b834a06c63fa4ef9f360878ce21ecf"},
    {file = "propcache-0.5.2-cp310-cp310-musllinux_1_2_s390x.whl", hash = "sha256:cc1177027eda740fdb152706bd215a3f124e3eea15afc39f2cb9fe351b50619e"},
    {file = "propcache-0.5.2-cp310-cp310-musllinux_1_2_x86_64.whl", hash = "sha256:b05d643f944a8c3c4bd86d65ffd87bf3264b617f87791940302bc474d2ff5274"},
    {file = "propcache-0.5.2-cp310-cp310-win32.whl", hash = "sha256:8114f28879e0904748e831c3a7774261bd9e75f49be089f389a76f959dcd13fe"},
    {file = "propcache-0.5.2-cp310-cp310-win_amd64.whl", hash = "sha256:5fcb98e7598b1ee0addab320d90f65b530297a867dbfe9de52ea838077e16e3d"},
    {file = "propcache-0.5.2-cp310-cp310-win_arm64.whl", hash = "sha256:04dc2390d9edbbaef7461f33322555976ffddf0b650a038649d026358714e6c5"},
    {file = "propcache-0.5.2-cp311-cp311-macosx_10_9_universal2.whl", hash = "sha256:74b70780220e2dd89175ca24b81b68b67c83db499ae611e7f2313cb329801c78"},
    {file = "propcache-0.5.2-cp311-cp311-macosx_10_9_x86_64.whl", hash = "sha256:a4840ab0ae0216d952f4b53dc6d0b992bfc2bedbfe360bdd9b548bc184c08959"},
    {file = "propcache-0.5.2-cp311-cp311-macosx_11_0_arm64.whl", hash = "sha256:c6844ba6364fb12f403928a82cfd295ab103a2b315c77c747b2dbe4a41894ea7"},
    {file = "propcache-0.5.2-cp311-cp311-manylinux2014_aarch64.manylinux_2_17_aarch64.manylinux_2_28_aarch64.whl", hash = "sha256:2293949b855ce597f2826452d17c2d545fb5622379c4ea6fdf525e9b8e8a2511"},
    {file = "propcache-0.5.2-cp311-cp311-manylinux2014_ppc64le.manylinux_2_17_ppc64le.manylinux_2_28_ppc64le.whl", hash = "sha256:0fd59b5af35f74da48d905dcbad55449ba13be91823cb05a9bd590bbf5b61660"},
    {file = "propcache-0.5.2-cp311-cp311-manylinux2014_s390x.manylinux_2_17_s390x.manylinux_2_28_s390x.whl", hash = "sha256:29f9309a2e42b0d273be006fdb4be2d6c39a47f6f57d8fb1cf9f81481df81b66"},
    {file = "propcache-0.5.2-cp311-cp311-manylinux2014_x86_64.manylinux_2_17_x86_64.manylinux_2_28_x86_64.whl", hash = "sha256:5aaa2b923c1944ac8febd6609cb373540a5563e7cbcb0fd770f75dace2eb817b"},
    {file = "propcache-0.5.2-cp311-cp311-manylinux_2_31_riscv64.manylinux_2_39_riscv64.whl", hash = "sha256:66ea454f095ddf5b6b14f56c064c0941c4788be11e18d2464cf643bf7203ff67"},
    {file = "propcache-0.5.2-cp311-cp311-musllinux_1_2_aarch64.whl", hash = "sha256:95f1e3f4760d404b13c9976c0229b2b49a3c8e2c62a9ce92efdd2b11ada75e3f"},
    {file = "propcache-0.5.2-cp311-cp311-musllinux_1_2_armv7l.whl", hash = "sha256:85341b12b9d55bad0bded24cac341bb34289469e03a11f3f583ea1cc1db0326c"},
    {file = "propcache-0.5.2-cp311-cp311-musllinux_1_2_ppc64le.whl", hash = "sha256:26a4dca084132874e639895c3135dfad5eb20bae209f62d1aeb31b03e601c3c0"},
    {file = "propcache-0.5.2-cp311-cp311-musllinux_1_2_riscv64.whl", hash = "sha256:3b199b9b2b3d6a7edf3183ba8a9a137a22b97f7df525feb5ae1eccf026d2a9c6"},
    {file = "propcache-0.5.2-cp311-cp311-musllinux_1_2_s390x.whl", hash = "sha256:e59bc9e66329185b93dab73f210f1a37f81cb40f321501db8017c9aea15dba27"},
    {file = "propcache-0.5.2-cp311-cp311-musllinux_1_2_x86_64.whl", hash = "sha256:552ffadf6ad409844bc5919c42a0a83d88314cedddaea0e41e80a8b8fffe881f"},
    {file = "propcache-0.5.2-cp311-cp311-win32.whl", hash = "sha256:cd416c1de191973c52ff1a12a57446bfc7642797b282d7caf2162d7d1b8aa9a0"},
    {file = "propcache-0.5.2-cp311-cp311-win_amd64.whl", hash = "sha256:44e488ef40dbb452700b2b1f8188934121f6648f52c295055662d2191959ff82"},
    {file = "propcache-0.5.2-cp311-cp311-win_arm64.whl", hash = "sha256:54adaa85a22078d1e306304a40984dc5be99d599bf3dc0a24dc98f7daeab89ab"},
    {file = "propcache-0.5.2-cp312-cp312-macosx_10_13_universal2.whl", hash = "sha256:806719138ecd720339a12410fb9614ac9b2b2d3a5fdf8235d56981c36f4039ba"},
    {file = "propcache-0.5.2-cp312-cp312-macosx_10_13_x86_64.whl", hash = "sha256:db2b80ea58eab4f86b2beec3cc8b39e8ff9276ac20e96b7cce43c8ae84cd6b5a"},
    {file = "propcache-0.5.2-cp312-cp312-macosx_11_0_arm64.whl", hash = "sha256:e5cbfac9f61484f7e9f3597775500cd3ebe8274e9b050c38f9525c77c97520bf"},
    {file = "propcache-0.5.2-cp312-cp312-manylinux2014_aarch64.manylinux_2_17_aarch64.manylinux_2_28_aarch64.whl", hash = "sha256:5dbc581d2814337da56222fab8dc5f161cd798a434e49bac27930aaef798e144"},
    {file = "propcache-0.5.2-cp312-cp312-manylinux2014_ppc64le.manylinux_2_17_ppc64le.manylinux_2_28_ppc64le.whl", hash = "sha256:857187f381f88c8e2fa2fe56ab94879d011b883d5a2ee5a1b60a8cd2a06846d9"},
    {file = "propcache-0.5.2-cp312-cp312-manylinux2014_s390x.manylinux_2_17_s390x.manylinux_2_28_s390x.whl", hash = "sha256:178b4a2cdaac1818e2bf1c5a99b94383fa73ea5382e032a48dec07dc5668dc42"},
    {file = "propcache-0.5.2-cp312-cp312-manylinux2014_x86_64.manylinux_2_17_x86_64.manylinux_2_28_x86_64.whl", hash = "sha256:6f328175a2cde1f0ff2c4ed8ce968b9dcfb55f3a7153f39e2957ed994da13476"},
    {file = "propcache-0.5.2-cp312-cp312-manylinux_2_31_riscv64.manylinux_2_39_riscv64.whl", hash = "sha256:5671d09a36b06d0fd4a3da0fccbcae360e9b1570924171a15e9e0997f0249fba"},
    {file = "propcache-0.5.2-cp312-cp312-musllinux_1_2_aarch64.whl", hash = "sha256:80168e2ebe4d3ec6599d10ad8f520304ae1cad9b6c5a95372aef1b66b7bfb53a"},
    {file = "propcache-0.5.2-cp312-cp312-musllinux_1_2_armv7l.whl", hash = "sha256:45f11346f884bc47444f6e6647131055844134c3175b629f84952e2b5cd62b64"},
    {file = "propcache-0.5.2-cp312-cp312-musllinux_1_2_ppc64le.whl", hash = "sha256:8e778ebd44ef4f66ed60a0416b06b489687db264a9c0b3620362f26489492913"},
    {file = "propcache-0.5.2-cp312-cp312-musllinux_1_2_riscv64.whl", hash = "sha256:c0cb9ed24c8964e172768d455a38254c2dd8a552905729ce006cad3d3dda59b1"},
    {file = "propcache-0.5.2-cp312-cp312-musllinux_1_2_s390x.whl", hash = "sha256:1d1ad32d9d4355e2be65574fd0bfd3677e7066b009cd5b9b2dee8aa6a6393b33"},
    {file = "propcache-0.5.2-cp312-cp312-musllinux_1_2_x86_64.whl", hash = "sha256:c80f4ba3e8f00189165999a742ee526ebeccedf6c3f7beb0c7df821e9772435a"},
    {file = "propcache-0.5.2-cp312-cp312-win32.whl", hash = "sha256:8c7972d8f193740d9175f0998ab38717e6cd322d5935c5b0fef8c0d323fd9031"},
    {file = "propcache-0.5.2-cp312-cp312-win_amd64.whl", hash = "sha256:d9ee8826a7d47863a08ac44e1a5f611a462eefc3a194b492da242128bec75b42"},
    {file = "propcache-0.5.2-cp312-cp312-win_arm64.whl", hash = "sha256:2800a4a8ead6b28cccd1ec54b59346f0def7922ee1c7598e8499c733cfbb7c84"},
    {file = "propcache-0.5.2-cp313-cp313-macosx_10_13_universal2.whl", hash = "sha256:099aaf4b4d1a02265b92a977edf00b5c4f63b3b17ac6de39b0d637c9cac0188a"},
    {file = "propcache-0.5.2-cp313-cp313-macosx_10_13_x86_64.whl", hash = "sha256:68ce1c44c7a813a7f71ea04315a8c7b330b63db99d059a797a4651bb6f69f117"},
    {file = "propcache-0.5.2-cp313-cp313-macosx_11_0_arm64.whl", hash = "sha256:fc299c129490f55f254cd90be0deca4764e36e9a7c08b4aa588479a3bbed3098"},
    {file = "propcache-0.5.2-cp313-cp313-manylinux2014_aarch64.manylinux_2_17_aarch64.manylinux_2_28_aarch64.whl", hash = "sha256:a6ae2198be502c10f09b2516e7b5d019816924bc3183a43ce792a7bd6625e6f4"},
    {file = "propcache-0.5.2-cp313-cp313-manylinux2014_ppc64le.manylinux_2_17_ppc64le.manylinux_2_28_ppc64le.whl", hash = "sha256:6041d31504dc1779d700e1edcfb08eea334b357620b06681a4eabb57a74e574e"},
    {file = "propcache-0.5.2-cp313-cp313-manylinux2014_s390x.manylinux_2_17_s390x.manylinux_2_28_s390x.whl", hash = "sha256:f7eabc04151c78a9f4d5bbb5f1faf571e4defeb4b585e0fe95b60ff2dbe4d3d7"},
    {file = "propcache-0.5.2-cp313-cp313-manylinux2014_x86_64.manylinux_2_17_x86_64.manylinux_2_28_x86_64.whl", hash = "sha256:4db0ba63d693afd40d249bd93f842b5f144f8fcbb83de05660373bcf30517b1d"},
    {file = "propcache-0.5.2-cp313-cp313-manylinux_2_31_riscv64.manylinux_2_39_riscv64.whl", hash = "sha256:1dbcf7675229b35d31abb6547d8ebc8c27a830ac3f9a794edff6254873ec7c0a"},
    {file = "propcache-0.5.2-cp313-cp313-musllinux_1_2_aarch64.whl", hash = "sha256:d310c013aad2c72f1c3f2f8dd3279d460a858c551f97aeb8c63e4693cca7b4d2"},
    {file = "propcache-0.5.2-cp313-cp313-musllinux_1_2_armv7l.whl", hash = "sha256:06187263ddad280d05b4d8a8b3bb7d164cbebd469236544a42e6d9b28ac6a4fa"},
    {file = "propcache-0.5.2-cp313-cp313-musllinux_1_2_ppc64le.whl", hash = "sha256:3115559b8effafd63b142ea5ed53d63a16ea6469cbc63dce4ee194b42db5d853"},
    {file = "propcache-0.5.2-cp313-cp313-musllinux_1_2_riscv64.whl", hash = "sha256:c60462af8e6dc30c35407c7237ea908d777b22862bbee27bc4699c0d8bcdc45a"},
    {file = "propcache-0.5.2-cp313-cp313-musllinux_1_2_s390x.whl", hash = "sha256:40314bca9ac559716fe374094fc81c11dcc34b64fd6c585360f5775690505704"},
    {file = "propcache-0.5.2-cp313-cp313-musllinux_1_2_x86_64.whl", hash = "sha256:cfa21e036ce1e1db2be04ba3b85d2df1bb1702fa01932d984c5464c665228ff4"},
    {file = "propcache-0.5.2-cp313-cp313-win32.whl", hash = "sha256:f156a3529f38063b6dbaf356e15602a7f95f8055b1295a438433a6386f10463d"},
    {file = "propcache-0.5.2-cp313-cp313-win_amd64.whl", hash = "sha256:dfed59d0a5aeb01e242e66ff0300bc4a265a7c05f612d30016f0b60b1017d757"},
    {file = "propcache-0.5.2-cp313-cp313-win_arm64.whl", hash = "sha256:ba338430e87ceb9c8f0cf754de38a9860560261e56c00376debd628698a7364f"},
    {file = "propcache-0.5.2-cp313-cp313t-macosx_10_13_universal2.whl", hash = "sha256:a592f5f3da71c8691c788c13cb6734b6d17663d2e1cb8caddf0673d01ef8847d"},
    {file = "propcache-0.5.2-cp313-cp313t-macosx_10_13_x86_64.whl", hash = "sha256:6a997d0489e9668a384fcfd5061b857aa5361de73191cac204d04b889cfbbafa"},
    {file = "propcache-0.5.2-cp313-cp313t-macosx_11_0_arm64.whl", hash = "sha256:10734b5484ea113152ee25a91dccedf81631791805d2c9ccb054958e51842c94"},
    {file = "propcache-0.5.2-cp313-cp313t-manylinux2014_aarch64.manylinux_2_17_aarch64.manylinux_2_28_aarch64.whl", hash = "sha256:cafca7e56c12bb02ae16d283742bef25a61122e9dab2b5b3f2ccbe589ce32164"},
    {file = "propcache-0.5.2-cp313-cp313t-manylinux2014_ppc64le.manylinux_2_17_ppc64le.manylinux_2_28_ppc64le.whl", hash = "sha256:f064f8d2b59177878b7615df1735cd8fe3462ed6be8c7b217d17a276489c2b7f"},
    {file = "propcache-0.5.2-cp313-cp313t-manylinux2014_s390x.manylinux_2_17_s390x.manylinux_2_28_s390x.whl", hash = "sha256:f78abfa8dfc32376fd1aacf597b2f2fbbe0ea751419aee718af5d4f82537ef8c"},
    {file = "propcache-0.5.2-cp313-cp313t-manylinux2014_x86_64.manylinux_2_17_x86_64.manylinux_2_28_x86_64.whl", hash = "sha256:f7467da8a9822bf1a55336f877340c5bcbd3c482afc43a99771169f74a26dedc"},
    {file = "propcache-0.5.2-cp313-cp313t-manylinux_2_31_riscv64.manylinux_2_39_riscv64.whl", hash = "sha256:a6ddc6ac9e25de626c1f129c1b467d7ecd33ce2237d3fd0c4e429feef0a7ee1f"},
    {file = "propcache-0.5.2-cp313-cp313t-musllinux_1_2_aarch64.whl", hash = "sha256:2f22cbbac9e26a8e864c0985ff1268d5d939d53d9d9411a9824279097e03a2cb"},
    {file = "propcache-0.5.2-cp313-cp313t-musllinux_1_2_armv7l.whl", hash = "sha256:fc76378c62a0f04d0cd82fbb1a2cd2d7e28fcb40d5873f28a6c44e388aaa2751"},
    {file = "propcache-0.5.2-cp313-cp313t-musllinux_1_2_ppc64le.whl", hash = "sha256:acd2c8edba48e31e58a363b8cf4e5c7db3b04b3f9e371f601df30d9b0d244836"},
    {file = "propcache-0.5.2-cp313-cp313t-musllinux_1_2_riscv64.whl", hash = "sha256:452b5065457eb9991ec5eb38ff41d6cd4c991c9ac7c531c4d5849ae473a9a13f"},
    {file = "propcache-0.5.2-cp313-cp313t-musllinux_1_2_s390x.whl", hash = "sha256:3430bb2bfe1331885c427745a751e774ee679fd4344f80b97bf879815fe8fa55"},
    {file = "propcache-0.5.2-cp313-cp313t-musllinux_1_2_x86_64.whl", hash = "sha256:cef6cea3922890dd6c9654971001fa797b526c16ab5e1e46c05fd6f877be7568"},
    {file = "propcache-0.5.2-cp313-cp313t-win32.whl", hash = "sha256:72d61e16dd78228b58c5d47be830ff3da7e5f139abdf0aef9d86cde1c5cf2191"},
    {file = "propcache-0.5.2-cp313-cp313t-win_amd64.whl", hash = "sha256:0958834041a0166d343b8d2cedcd8bcbaeb4fdbe0cf08320c5379f143c3be6e7"},
    {file = "propcache-0.5.2-cp313-cp313t-win_arm64.whl", hash = "sha256:6de8bd93ddde9b992cf2b2e0d796d501a19026b5b9fd87356d7d0779531a8d96"},
    {file = "propcache-0.5.2-cp314-cp314-macosx_10_15_universal2.whl", hash = "sha256:46088abff4cba581dea21ae0467a480526cb25aa5f3c269e909f800328bc3999"},
    {file = "propcache-0.5.2-cp314-cp314-macosx_10_15_x86_64.whl", hash = "sha256:fc88b26f08d634f7bc819a7852e5214f5802641ab8d9fd5326892292eee1993e"},
    {file = "propcache-0.5.2-cp314-cp314-macosx_11_0_arm64.whl", hash = "sha256:97797ebb098e670a2f92dd66f32897e30d7615b14e7f59711de23e30a9072539"},
    {file = "propcache-0.5.2-cp314-cp314-manylinux2014_aarch64.manylinux_2_17_aarch64.manylinux_2_28_aarch64.whl", hash = "sha256:ba57fffe4ac99c5d30076161b5866336d97600769bad35cc68f7774b15298a4e"},
    {file = "propcache-0.5.2-cp314-cp314-manylinux2014_ppc64le.manylinux_2_17_ppc64le.manylinux_2_28_ppc64le.whl", hash = "sha256:583c19759d9eec1e5b69e2fbef36a7d9c326041be9746cb822d335c8cedc2979"},
    {file = "propcache-0.5.2-cp314-cp314-manylinux2014_s390x.manylinux_2_17_s390x.manylinux_2_28_s390x.whl", hash = "sha256:d0326e2e5e1f3163fa306c834e48e8d490e5fae607a097a40c0648109b47ba80"},
    {file = "propcache-0.5.2-cp314-cp314-manylinux2014_x86_64.manylinux_2_17_x86_64.manylinux_2_28_x86_64.whl", hash = "sha256:e00820e192c8dbebcafb383ebbf99030895f09905e7a0eb2e0340a0bcc2bc825"},
    {file = "propcache-0.5.2-cp314-cp314-manylinux_2_31_riscv64.manylinux_2_39_riscv64.whl", hash = "sha256:c66afea89b1e43725731d2004732a046fe6fe955d51f952c3e95a7314a284a39"},
    {file = "propcache-0.5.2-cp314-cp314-musllinux_1_2_aarch64.whl", hash = "sha256:d4dc37dec6c6cdad0b57881a5658fd14fbf53e333b1a86cf86559f190e1d9ec4"},
    {file = "propcache-0.5.2-cp314-cp314-musllinux_1_2_armv7l.whl", hash = "sha256:5570dbcc97571c15f68068e529c92715a12f8d54030e272d264b377e22bd17a5"},
    {file = "propcache-0.5.2-cp314-cp314-musllinux_1_2_ppc64le.whl", hash = "sha256:f814362777a9f841adddb200ecdf8f5cb1e5a3c4b7a86378edbd6ccb26edd702"},
    {file = "propcache-0.5.2-cp314-cp314-musllinux_1_2_riscv64.whl", hash = "sha256:196913dea116aeb5a2ba95af4ddcb7ea85559ae07d8eee8751688310d09168c3"},
    {file = "propcache-0.5.2-cp314-cp314-musllinux_1_2_s390x.whl", hash = "sha256:6e7b8719005dd1175be4ab1cd25e9b98659a5e0347331506ec6760d2773a7fb5"},
    {file = "propcache-0.5.2-cp314-cp314-musllinux_1_2_x86_64.whl", hash = "sha256:51f96d685ab16e88cab128cd37a52c5da540809c8b879fa047731bfcb4ad35a4"},
    {file = "propcache-0.5.2-cp314-cp314-win32.whl", hash = "sha256:cc6fc3cc62e8501d3ed62894425040d2728ecddb1ed072737a5c70bd537aa9f0"},
    {file = "propcache-0.5.2-cp314-cp314-win_amd64.whl", hash = "sha256:81e3a30b0bb60caa22033dd0f8a3618d1d67356212514f62c57db75cb0ef410c"},
    {file = "propcache-0.5.2-cp314-cp314-win_arm64.whl", hash = "sha256:0d2c9bf8528f135dbb805ce027567e09164f7efa51a2be07458a2c0420f292d0"},
    {file = "propcache-0.5.2-cp314-cp314t-macosx_10_15_universal2.whl", hash = "sha256:4bc8ff1feffc6a61c7002ffe84634c41b822e104990ae009f44a0834430070bb"},
    {file = "propcache-0.5.2-cp314-cp314t-macosx_10_15_x86_64.whl", hash = "sha256:79aa3ff0a9b566633b642fa9caf7e21ed1c13d6feca718187873f199e1514078"},
    {file = "propcache-0.5.2-cp314-cp314t-macosx_11_0_arm64.whl", hash = "sha256:1b31822f4474c4036bae62de9402710051d431a606d6a0f907fec79935a071aa"},
    {file = "propcache-0.5.2-cp314-cp314t-manylinux2014_aarch64.manylinux_2_17_aarch64.manylinux_2_28_aarch64.whl", hash = "sha256:13fef48778b5a2a756523fdb781326b028ca75e32858b04f2cdd19f394564917"},
    {file = "propcache-0.5.2-cp314-cp314t-manylinux2014_ppc64le.manylinux_2_17_ppc64le.manylinux_2_28_ppc64le.whl", hash = "sha256:8b73ab70f1a3351fbc71f663b3e645af6dd0329100c353081cf69c37433fc6fe"},
    {file = "propcache-0.5.2-cp314-cp314t-manylinux2014_s390x.manylinux_2_17_s390x.manylinux_2_28_s390x.whl", hash = "sha256:5538d2c13d93e4698af7e092b57bc7298fd35d1d58e656ae18f23ee0d0378e03"},
    {file = "propcache-0.5.2-cp314-cp314t-manylinux2014_x86_64.manylinux_2_17_x86_64.manylinux_2_28_x86_64.whl", hash = "sha256:cd645f03898405cabe694fb8bc35241e3a9c332ec85627584fe3de201452b335"},
    {file = "propcache-0.5.2-cp314-cp314t-manylinux_2_31_riscv64.manylinux_2_39_riscv64.whl", hash = "sha256:a473b3440261e0c60706e732b2ed2f517857344fc21bf48fdfe211e2d98eb285"},
    {file = "propcache-0.5.2-cp314-cp314t-musllinux_1_2_aarch64.whl", hash = "sha256:7afa37062e6650640e932e4cc9297d81f9f42d9944029cc386b8247dea4da837"},
    {file = "propcache-0.5.2-cp314-cp314t-musllinux_1_2_armv7l.whl", hash = "sha256:8a90efd5777e996e42d568db9ac740b944d691e565cbfd31b2f7832f9184b2b8"},
    {file = "propcache-0.5.2-cp314-cp314t-musllinux_1_2_ppc64le.whl", hash = "sha256:f19bb891234d72535764d703bfed1153cc34f4214d5bd7150aee1eec9e8f4366"},
    {file = "propcache-0.5.2-cp314-cp314t-musllinux_1_2_riscv64.whl", hash = "sha256:32775082acd2d807ee3db715c7770d38767b817870acfa08c29e057f3c4d5b56"},
    {file = "propcache-0.5.2-cp314-cp314t-musllinux_1_2_s390x.whl", hash = "sha256:9282fb1a3bccd038da9f768b927b24a0c753e466c086b7c4f3c6982851eefb2d"},
    {file = "propcache-0.5.2-cp314-cp314t-musllinux_1_2_x86_64.whl", hash = "sha256:cc49723e2f60d6b32a0f0b08a3fd6d13203c07f1cd9566cfce0f12a917c967a2"},
    {file = "propcache-0.5.2-cp314-cp314t-win32.whl", hash = "sha256:2d7aa89ebca5acc98cba9d1472d976e394782f587bad6661003602a619fd1821"},
    {file = "propcache-0.5.2-cp314-cp314t-win_amd64.whl", hash = "sha256:d447bb0b3054be5818458fbb171208b1d9ff11eba14e18ca18b90cbb45767370"},
    {file = "propcache-0.5.2-cp314-cp314t-win_arm64.whl", hash = "sha256:fe67a3d11cd9b4efabfa45c3d00ffba2b26811442a73a581a94b67c2b5faccf6"},
    {file = "propcache-0.5.2-py3-none-any.whl", hash = "sha256:be1ddfcbb376e3de5d2e2db1d58d6d67463e6b4f9f040c000de8e300295465fe"},
    {file = "propcache-0.5.2.tar.gz", hash = "sha256:01c4fc7480cd0598bb4b57022df55b9ca296da7fc5a8760bd8451a7e63a7d427"},
]

[[package]]
name = "pygments"
version = "2.20.0"
description = "Pygments is a syntax highlighting package written in Python."
optional = false
python-versions = ">=3.9"
groups = ["dev"]
files = [
    {file = "pygments-2.20.0-py3-none-any.whl", hash = "sha256:81a9e26dd42fd28a23a2d169d86d7ac03b46e2f8b59ed4698fb4785f946d0176"},
    {file = "pygments-2.20.0.tar.gz", hash = "sha256:6757cd03768053ff99f3039c1a36d6c0aa0b263438fcab17520b30a303a82b5f"},
]

[package.extras]
windows-terminal = ["colorama (>=0.4.6)"]

[[package]]
name = "pytest"
version = "8.4.2"
description = "pytest: simple powerful testing with Python"
optional = false
python-versions = ">=3.9"
groups = ["dev"]
files = [
    {file = "pytest-8.4.2-py3-none-any.whl", hash = "sha256:872f880de3fc3a5bdc88a11b39c9710c3497a547cfa9320bc3c5e62fbf272e79"},
    {file = "pytest-8.4.2.tar.gz", hash = "sha256:86c0d0b93306b961d58d62a4db4879f27fe25513d4b969df351abdddb3c30e01"},
]

[package.dependencies]
colorama = {version = ">=0.4", markers = "sys_platform == \"win32\""}
exceptiongroup = {version = ">=1", markers = "python_version < \"3.11\""}
iniconfig = ">=1"
packaging = ">=20"
pluggy = ">=1.5,<2"
pygments = ">=2.7.2"
tomli = {version = ">=1", markers = "python_version < \"3.11\""}

[package.extras]
dev = ["argcomplete", "attrs (>=19.2)", "hypothesis (>=3.56)", "mock", "requests", "setuptools", "xmlschema"]

[[package]]
name = "pytest-codspeed"
version = "5.0.3"
description = "Pytest plugin to create CodSpeed benchmarks"
optional = false
python-versions = ">=3.9"
groups = ["dev"]
files = [
    {file = "pytest_codspeed-5.0.3-cp310-cp310-macosx_11_0_arm64.whl", hash = "sha256:005348ea52ace3ede2e2f595913912ad2564cca7b124211a88dc78a9cb1fca63"},
    {file = "pytest_codspeed-5.0.3-cp310-cp310-manylinux2014_aarch64.manylinux_2_17_aarch64.manylinux_2_28_aarch64.whl", hash = "sha256:dbe6a4a00b449b6ba2771f644cbc38bdf55acf5c812e60e5659110e19dd9f510"},
    {file = "pytest_codspeed-5.0.3-cp310-cp310-manylinux2014_x86_64.manylinux_2_17_x86_64.manylinux_2_28_x86_64.whl", hash = "sha256:7ac4344f34bbcdd17f6f8c30dbac3da2f80d223dd112e568fd7f7c2cd4cbc693"},
    {file = "pytest_codspeed-5.0.3-cp311-cp311-macosx_11_0_arm64.whl", hash = "sha256:f56d0339cd98d26f6e561987be25bdd2761a5d53d8f73493b1ebe02d0d451093"},
    {file = "pytest_codspeed-5.0.3-cp311-cp311-manylinux2014_aarch64.manylinux_2_17_aarch64.manylinux_2_28_aarch64.whl", hash = "sha256:4c682f6645d4eb472f3bd95dbda1805e3af4243610572cb7d6bf94a88e8a0b6c"},
    {file = "pytest_codspeed-5.0.3-cp311-cp311-manylinux2014_x86_64.manylinux_2_17_x86_64.manylinux_2_28_x86_64.whl", hash = "sha256:f852bee785a7a124cb1720b1915670c6742af87747dc4d838f3ffdbd365ce9d9"},
    {file = "pytest_codspeed-5.0.3-cp312-cp312-macosx_11_0_arm64.whl", hash = "sha256:2eeb25fb1ac3f73c4de50e739e78fea396b89782bdb740bf2a7cd2df21f8d4ee"},
    {file = "pytest_codspeed-5.0.3-cp312-cp312-manylinux2014_aarch64.manylinux_2_17_aarch64.manylinux_2_28_aarch64.whl", hash = "sha256:73c5c9d98a3372a42611989ccfa437cce3842431ac6d6b9ab42c4f0e59c070f7"},
    {file = "pytest_codspeed-5.0.3-cp312-cp312-manylinux2014_x86_64.manylinux_2_17_x86_64.manylinux_2_28_x86_64.whl", hash = "sha256:a2e0ab65df73e837666d12357280ca50ff6d6ac03ea5266703be518b68170edf"},
    {file = "pytest_codspeed-5.0.3-cp313-cp313-macosx_11_0_arm64.whl", hash = "sha256:6524c57fec279a22ffef6112af404036afc71b4704758ae9f0abda429b8478d4"},
    {file = "pytest_codspeed-5.0.3-cp313-cp313-manylinux2014_aarch64.manylinux_2_17_aarch64.manylinux_2_28_aarch64.whl", hash = "sha256:0c383c9121deb58a69f174188e9e4488ffc0daced0ed276abf87747182511901"},
    {file = "pytest_codspeed-5.0.3-cp313-cp313-manylinux2014_x86_64.manylinux_2_17_x86_64.manylinux_2_28_x86_64.whl", hash = "sha256:a4bcdb4b6522738152885ef067e0c8524d5699828d780fb6f464cdb3db44369c"},
    {file = "pytest_codspeed-5.0.3-cp314-cp314-macosx_11_0_arm64.whl", hash = "sha256:25464363c7f9b9bd5022e969c0addba616fa40ac9b8f0fc9e030c4538863b32d"},
    {file = "pytest_codspeed-5.0.3-cp314-cp314-manylinux2014_aarch64.manylinux_2_17_aarch64.manylinux_2_28_aarch64.whl", hash = "sha256:efd43f82ea03ced8488a767ded9473f050791ab7783ea8654107e1e0ac66af40"},
    {file = "pytest_codspeed-5.0.3-cp314-cp314-manylinux2014_x86_64.manylinux_2_17_x86_64.manylinux_2_28_x86_64.whl", hash = "sha256:782f9985b6f6b45b8bc20152d206d3a52b56dd088ba81cb70a71f0b39841be9e"},
    {file = "pytest_codspeed-5.0.3-cp314-cp314t-macosx_11_0_arm64.whl", hash = "sha256:9aa0815b90196f3c20d736ea8691381e97f12bbe8c7d87af10a351e434b452cb"},
    {file = "pytest_codspeed-5.0.3-cp314-cp314t-manylinux2014_aarch64.manylinux_2_17_aarch64.manylinux_2_28_aarch64.whl", hash = "sha256:85505c96a3477c346ec2d2b7dced8478f4c651e2b1666ee102d53a832b511853"},
    {file = "pytest_codspeed-5.0.3-cp314-cp314t-manylinux2014_x86_64.manylinux_2_17_x86_64.manylinux_2_28_x86_64.whl", hash = "sha256:20eba63765be9d1b6cacbbfad84b87d49eb04b357a7045a0899880da181f81e3"},
    {file = "pytest_codspeed-5.0.3-cp315-cp315-macosx_11_0_arm64.whl", hash = "sha256:ec9fa6f0af0a9feb0e0bd517fb59ef28f806fbd50c0c6900ac26cbb4d080eba5"},
    {file = "pytest_codspeed-5.0.3-cp315-cp315-manylinux2014_aarch64.manylinux_2_17_aarch64.manylinux_2_28_aarch64.whl", hash = "sha256:8df77b3409f54f4a268f77f3ff74992fe1d995cdbaf2cecf8ad74d32db217ce7"},
    {file = "pytest_codspeed-5.0.3-cp315-cp315-manylinux2014_x86_64.manylinux_2_17_x86_64.manylinux_2_28_x86_64.whl", hash = "sha256:a5d8695a227ea1c3a41d25db5b3fe720bf1b4808bd38862be811a4efd902c792"},
    {file = "pytest_codspeed-5.0.3-cp315-cp315t-macosx_11_0_arm64.whl", hash = "sha256:bf4cc4178cbace8f4d2bd240408276bc4da3850ac5fcb5fb5f8a74ab417615bb"},
    {file = "pytest_codspeed-5.0.3-cp315-cp315t-manylinux2014_aarch64.manylinux_2_17_aarch64.manylinux_2_28_aarch64.whl", hash = "sha256:abe793da40f87295d33988673d34f06ea569848b44490b847552cd416816258a"},
    {file = "pytest_codspeed-5.0.3-cp315-cp315t-manylinux2014_x86_64.manylinux_2_17_x86_64.manylinux_2_28_x86_64.whl", hash = "sha256:c3a9ed38dfa776443b86f4b49a982e8443d0953db4974bd2673d63cc904ae1ad"},
    {file = "pytest_codspeed-5.0.3-cp39-cp39-macosx_11_0_arm64.whl", hash = "sha256:bce0a6ea93a5b19658f713312bb67554c19283ab15b454a1e3e55a13e78130f8"},
    {file = "pytest_codspeed-5.0.3-cp39-cp39-manylinux2014_aarch64.manylinux_2_17_aarch64.manylinux_2_28_aarch64.whl", hash = "sha256:3a2097247985f5d915a94b80c5552d10979ca858c859fc3edef1bf2baa5c9b7a"},
    {file = "pytest_codspeed-5.0.3-cp39-cp39-manylinux2014_x86_64.manylinux_2_17_x86_64.manylinux_2_28_x86_64.whl", hash = "sha256:51e192905a2230f9956e6160732f76577836953a4a1fb2b1e7be74e51ac7b2a0"},
    {file = "pytest_codspeed-5.0.3-py3-none-any.whl", hash = "sha256:fe2ea83c924c2250675b75686c3ee456b8cf0208d83d552e182a195fdf467378"},
    {file = "pytest_codspeed-5.0.3.tar.gz", hash = "sha256:91afef90e6a96b013495e4702ef5d6358614a449e71008cdc194ef668778b92f"},
]

[package.dependencies]
pytest = ">=3.8"
rich = ">=13.8.1"

[package.extras]
compat = ["pytest-benchmark (>=5.0.0,<5.1.0)", "pytest-xdist (>=3.6.1,<3.7.0)"]

[[package]]
name = "pytest-cov"
version = "7.1.0"
description = "Pytest plugin for measuring coverage."
optional = false
python-versions = ">=3.9"
groups = ["dev"]
files = [
    {file = "pytest_cov-7.1.0-py3-none-any.whl", hash = "sha256:a0461110b7865f9a271aa1b51e516c9a95de9d696734a2f71e3e78f46e1d4678"},
    {file = "pytest_cov-7.1.0.tar.gz", hash = "sha256:30674f2b5f6351aa09702a9c8c364f6a01c27aae0c1366ae8016160d1efc56b2"},
]

[package.dependencies]
coverage = {version = ">=7.10.6", extras = ["toml"]}
pluggy = ">=1.2"
pytest = ">=7"

[package.extras]
testing = ["process-tests", "pytest-xdist", "virtualenv"]

[[package]]
name = "rich"
version = "13.9.4"
description = "Render rich text, tables, progress bars, syntax highlighting, markdown and more to the terminal"
optional = false
python-versions = ">=3.8.0"
groups = ["dev"]
files = [
    {file = "rich-13.9.4-py3-none-any.whl", hash = "sha256:6049d5e6ec054bf2779ab3358186963bac2ea89175919d699e378b99738c2a90"},
    {file = "rich-13.9.4.tar.gz", hash = "sha256:439594978a49a09530cff7ebc4b5c7103ef57baf48d5ea3184f21d9a2befa098"},
]

[package.dependencies]
markdown-it-py = ">=2.2.0"
pygments = ">=2.13.0,<3.0.0"
typing-extensions = {version = ">=4.0.0,<5.0", markers = "python_version < \"3.11\""}

[package.extras]
jupyter = ["ipywidgets (>=7.5.1,<9)"]

[[package]]
name = "tomli"
version = "2.0.1"
description = "A lil' TOML parser"
optional = false
python-versions = ">=3.7"
groups = ["dev"]
markers = "python_full_version <= \"3.11.0a6\""
files = [
    {file = "tomli-2.0.1-py3-none-any.whl", hash = "sha256:939de3e7a6161af0c887ef91b7d41a53e7c5a1ca976325f429cb46ea9bc30ecc"},
    {file = "tomli-2.0.1.tar.gz", hash = "sha256:de526c12914f0c550d15924c62d72abc48d6fe7364aa87328337a31007fe8a4f"},
]

[[package]]
name = "typing-extensions"
version = "4.12.2"
description = "Backported and Experimental Type Hints for Python 3.8+"
optional = false
python-versions = ">=3.8"
groups = ["dev"]
markers = "python_version == \"3.10\""
files = [
    {file = "typing_extensions-4.12.2-py3-none-any.whl", hash = "sha256:04e5ca0351e0f3f85c6853954072df659d0d13fac324d0072316b67d7794700d"},
    {file = "typing_extensions-4.12.2.tar.gz", hash = "sha256:1a7ead55c7e559dd4dee8856e3a88b41225abfe1ce8df57b7c13915fe121ffb8"},
]

[metadata]
lock-version = "2.1"
python-versions = ">=3.10"
content-hash = "0c8d39e98013a01d8a3f5a0810646b9316debbb4e1d4fb8de6acfd2b451c5692"
